
Microsoft Visual Studio Solution File, Format Version 12.00
# Visual Studio Version 16
VisualStudioVersion = 16.0.30413.136
MinimumVisualStudioVersion = 10.0.40219.1
Project("{9A19103F-16F7-4668-BE54-9A1E7A4F7556}") = "AshZoneModels", "AshZoneModels\AshZoneModels.csproj", "{C82CFF5A-0401-45BE-9D65-4EC0305B02A8}"
EndProject
Project("{2150E333-8FDC-42A3-9474-1A3956D46DE8}") = "Solution Items", "Solution Items", "{D0105602-2B7B-46F3-A04B-5152BA3E436B}"
	ProjectSection(SolutionItems) = preProject
		ReadMe.md = ReadMe.md
	EndProjectSection
EndProject
Global
	GlobalSection(SolutionConfigurationPlatforms) = preSolution
		Debug|Any CPU = Debug|Any CPU
		Release|Any CPU = Release|Any CPU
	EndGlobalSection
	GlobalSection(ProjectConfigurationPlatforms) = postSolution
		{C82CFF5A-0401-45BE-9D65-4EC0305B02A8}.Debug|Any CPU.ActiveCfg = Debug|Any CPU
		{C82CFF5A-0401-45BE-9D65-4EC0305B02A8}.Debug|Any CPU.Build.0 = Debug|Any CPU
		{C82CFF5A-0401-45BE-9D65-4EC0305B02A8}.Release|Any CPU.ActiveCfg = Release|Any CPU
		{C82CFF5A-0401-45BE-9D65-4EC0305B02A8}.Release|Any CPU.Build.0 = Release|Any CPU
	EndGlobalSection
	GlobalSection(SolutionProperties) = preSolution
		HideSolutionNode = FALSE
	EndGlobalSection
	GlobalSection(ExtensibilityGlobals) = postSolution
		SolutionGuid = {F7DD461B-3B3C-429F-A850-4935EC170C34}
	EndGlobalSection
EndGlobal
